
Microsoft Visual Studio Solution File, Format Version 12.00
# Visual Studio Version 17
VisualStudioVersion = 17.14.36414.22 d17.14
MinimumVisualStudioVersion = 10.0.40219.1
Project("{FAE04EC0-301F-11D3-BF4B-00C04F79EFBC}") = "Client", "Client\Client.csproj", "{32B4AF46-DECF-4E1B-AF29-00A65519B28D}"
EndProject
Project("{FAE04EC0-301F-11D3-BF4B-00C04F79EFBC}") = "Server", "Server\Server.csproj", "{F451B8CF-71ED-4A80-892D-B6B35A6FE984}"
EndProject
Project("{FAE04EC0-301F-11D3-BF4B-00C04F79EFBC}") = "ChatLibrary", "ChatLibrary\ChatLibrary.csproj", "{ECE43432-A1A8-4872-A048-61D821EB93BD}"
EndProject
Global
	GlobalSection(SolutionConfigurationPlatforms) = preSolution
		Debug|Any CPU = Debug|Any CPU
		Release|Any CPU = Release|Any CPU
	EndGlobalSection
	GlobalSection(ProjectConfigurationPlatforms) = postSolution
		{32B4AF46-DECF-4E1B-AF29-00A65519B28D}.Debug|Any CPU.ActiveCfg = Debug|Any CPU
		{32B4AF46-DECF-4E1B-AF29-00A65519B28D}.Debug|Any CPU.Build.0 = Debug|Any CPU
		{32B4AF46-DECF-4E1B-AF29-00A65519B28D}.Release|Any CPU.ActiveCfg = Release|Any CPU
		{32B4AF46-DECF-4E1B-AF29-00A65519B28D}.Release|Any CPU.Build.0 = Release|Any CPU
		{F451B8CF-71ED-4A80-892D-B6B35A6FE984}.Debug|Any CPU.ActiveCfg = Debug|Any CPU
		{F451B8CF-71ED-4A80-892D-B6B35A6FE984}.Debug|Any CPU.Build.0 = Debug|Any CPU
		{F451B8CF-71ED-4A80-892D-B6B35A6FE984}.Release|Any CPU.ActiveCfg = Release|Any CPU
		{F451B8CF-71ED-4A80-892D-B6B35A6FE984}.Release|Any CPU.Build.0 = Release|Any CPU
		{ECE43432-A1A8-4872-A048-61D821EB93BD}.Debug|Any CPU.ActiveCfg = Debug|Any CPU
		{ECE43432-A1A8-4872-A048-61D821EB93BD}.Debug|Any CPU.Build.0 = Debug|Any CPU
		{ECE43432-A1A8-4872-A048-61D821EB93BD}.Release|Any CPU.ActiveCfg = Release|Any CPU
		{ECE43432-A1A8-4872-A048-61D821EB93BD}.Release|Any CPU.Build.0 = Release|Any CPU
	EndGlobalSection
	GlobalSection(SolutionProperties) = preSolution
		HideSolutionNode = FALSE
	EndGlobalSection
	GlobalSection(ExtensibilityGlobals) = postSolution
		SolutionGuid = {5A2BADB8-CC8C-4674-B87D-0A8365174BB2}
	EndGlobalSection
EndGlobal
